{
  "name": "readme-stats",
  "version": "1.0.0",
  "lockfileVersion": 3,
  "requires": true,
  "packages": {
    "": {
      "name": "readme-stats",
      "version": "1.0.0",
      "license": "MIT",
      "dependencies": {
        "commander": "^14.0.2"
      },
      "bin": {
        "dev-genesis-readme-stats": "cli.js"
      }
    },
    "node_modules/commander": {
      "version": "14.0.2",
      "license": "MIT",
      "engines": {
        "node": ">=20"
      }
    }
  }
}
